
Microsoft Visual Studio Solution File, Format Version 12.00
# Visual Studio Version 17
VisualStudioVersion = 17.4.33213.308
MinimumVisualStudioVersion = 10.0.40219.1
Project("{FAE04EC0-301F-11D3-BF4B-00C04F79EFBC}") = "PrevClientes", "PrevClientes\PrevClientes.csproj", "{1AD9411D-EC72-4599-8FAA-6F7406360AEB}"
EndProject
Global
	GlobalSection(SolutionConfigurationPlatforms) = preSolution
		Debug|Any CPU = Debug|Any CPU
		Release|Any CPU = Release|Any CPU
	EndGlobalSection
	GlobalSection(ProjectConfigurationPlatforms) = postSolution
		{1AD9411D-EC72-4599-8FAA-6F7406360AEB}.Debug|Any CPU.ActiveCfg = Debug|Any CPU
		{1AD9411D-EC72-4599-8FAA-6F7406360AEB}.Debug|Any CPU.Build.0 = Debug|Any CPU
		{1AD9411D-EC72-4599-8FAA-6F7406360AEB}.Release|Any CPU.ActiveCfg = Release|Any CPU
		{1AD9411D-EC72-4599-8FAA-6F7406360AEB}.Release|Any CPU.Build.0 = Release|Any CPU
	EndGlobalSection
	GlobalSection(SolutionProperties) = preSolution
		HideSolutionNode = FALSE
	EndGlobalSection
	GlobalSection(ExtensibilityGlobals) = postSolution
		SolutionGuid = {7589318C-10BB-431C-BD39-7FA01EDFC635}
	EndGlobalSection
EndGlobal
