
Microsoft Visual Studio Solution File, Format Version 12.00
# Visual Studio Version 17
VisualStudioVersion = 17.4.33213.308
MinimumVisualStudioVersion = 10.0.40219.1
Project("{FAE04EC0-301F-11D3-BF4B-00C04F79EFBC}") = "PrevClientes", "PrevClientes\PrevClientes.csproj", "{1AD9411D-EC72-4599-8FAA-6F7406360AEB}"
EndProject
Project("{2150E333-8FDC-42A3-9474-1A3956D46DE8}") = "1.0 - Presentation", "1.0 - Presentation", "{191F7DEB-48E8-46EB-A66C-00BAA04824CB}"
EndProject
Project("{2150E333-8FDC-42A3-9474-1A3956D46DE8}") = "2.0 - Application", "2.0 - Application", "{EB9049CE-EC3D-4065-B1DA-9A040D1BC2ED}"
EndProject
Project("{2150E333-8FDC-42A3-9474-1A3956D46DE8}") = "3.0 - Domain", "3.0 - Domain", "{1119595C-5C3B-4092-ABF7-D8F127A524D9}"
EndProject
Project("{2150E333-8FDC-42A3-9474-1A3956D46DE8}") = "4.0 - Infrastruture", "4.0 - Infrastruture", "{4E8F75EF-D1BF-4378-9F85-40F310448C99}"
EndProject
Project("{2150E333-8FDC-42A3-9474-1A3956D46DE8}") = "4.1 - Data", "4.1 - Data", "{5F052249-BD05-454B-A720-81650DF93E8E}"
EndProject
Project("{2150E333-8FDC-42A3-9474-1A3956D46DE8}") = "4.2 - CrossCutting", "4.2 - CrossCutting", "{C6668CAC-2961-4F9E-9726-4A27CEE0E05B}"
EndProject
Global
	GlobalSection(SolutionConfigurationPlatforms) = preSolution
		Debug|Any CPU = Debug|Any CPU
		Release|Any CPU = Release|Any CPU
	EndGlobalSection
	GlobalSection(ProjectConfigurationPlatforms) = postSolution
		{1AD9411D-EC72-4599-8FAA-6F7406360AEB}.Debug|Any CPU.ActiveCfg = Debug|Any CPU
		{1AD9411D-EC72-4599-8FAA-6F7406360AEB}.Debug|Any CPU.Build.0 = Debug|Any CPU
		{1AD9411D-EC72-4599-8FAA-6F7406360AEB}.Release|Any CPU.ActiveCfg = Release|Any CPU
		{1AD9411D-EC72-4599-8FAA-6F7406360AEB}.Release|Any CPU.Build.0 = Release|Any CPU
	EndGlobalSection
	GlobalSection(SolutionProperties) = preSolution
		HideSolutionNode = FALSE
	EndGlobalSection
	GlobalSection(NestedProjects) = preSolution
		{1AD9411D-EC72-4599-8FAA-6F7406360AEB} = {191F7DEB-48E8-46EB-A66C-00BAA04824CB}
		{5F052249-BD05-454B-A720-81650DF93E8E} = {4E8F75EF-D1BF-4378-9F85-40F310448C99}
		{C6668CAC-2961-4F9E-9726-4A27CEE0E05B} = {4E8F75EF-D1BF-4378-9F85-40F310448C99}
	EndGlobalSection
	GlobalSection(ExtensibilityGlobals) = postSolution
		SolutionGuid = {7589318C-10BB-431C-BD39-7FA01EDFC635}
	EndGlobalSection
EndGlobal
